
Microsoft Visual Studio Solution File, Format Version 12.00
# Visual Studio Version 16
VisualStudioVersion = 16.0.30309.148
MinimumVisualStudioVersion = 10.0.40219.1
Project("{9A19103F-16F7-4668-BE54-9A1E7A4F7556}") = "BallBag", "BallBag\BallBag.csproj", "{57AEA5AC-B868-4054-9159-B98227AD3D6A}"
EndProject
Project("{FAE04EC0-301F-11D3-BF4B-00C04F79EFBC}") = "BallBagClass", "BallBagClass\BallBagClass.csproj", "{A0F61528-1293-416B-ACC2-D38CD88CF4BE}"
EndProject
Project("{FAE04EC0-301F-11D3-BF4B-00C04F79EFBC}") = "BallBagClassUnitTest", "BallBagClassUnitTest\BallBagClassUnitTest.csproj", "{A618B919-AC68-4351-B03C-36FF168F24B7}"
EndProject
Global
	GlobalSection(SolutionConfigurationPlatforms) = preSolution
		Debug|Any CPU = Debug|Any CPU
		Debug|x64 = Debug|x64
		Release|Any CPU = Release|Any CPU
		Release|x64 = Release|x64
	EndGlobalSection
	GlobalSection(ProjectConfigurationPlatforms) = postSolution
		{57AEA5AC-B868-4054-9159-B98227AD3D6A}.Debug|Any CPU.ActiveCfg = Debug|Any CPU
		{57AEA5AC-B868-4054-9159-B98227AD3D6A}.Debug|Any CPU.Build.0 = Debug|Any CPU
		{57AEA5AC-B868-4054-9159-B98227AD3D6A}.Debug|x64.ActiveCfg = Debug|x64
		{57AEA5AC-B868-4054-9159-B98227AD3D6A}.Debug|x64.Build.0 = Debug|x64
		{57AEA5AC-B868-4054-9159-B98227AD3D6A}.Release|Any CPU.ActiveCfg = Release|Any CPU
		{57AEA5AC-B868-4054-9159-B98227AD3D6A}.Release|Any CPU.Build.0 = Release|Any CPU
		{57AEA5AC-B868-4054-9159-B98227AD3D6A}.Release|x64.ActiveCfg = Release|x64
		{57AEA5AC-B868-4054-9159-B98227AD3D6A}.Release|x64.Build.0 = Release|x64
		{A0F61528-1293-416B-ACC2-D38CD88CF4BE}.Debug|Any CPU.ActiveCfg = Debug|Any CPU
		{A0F61528-1293-416B-ACC2-D38CD88CF4BE}.Debug|Any CPU.Build.0 = Debug|Any CPU
		{A0F61528-1293-416B-ACC2-D38CD88CF4BE}.Debug|x64.ActiveCfg = Debug|Any CPU
		{A0F61528-1293-416B-ACC2-D38CD88CF4BE}.Debug|x64.Build.0 = Debug|Any CPU
		{A0F61528-1293-416B-ACC2-D38CD88CF4BE}.Release|Any CPU.ActiveCfg = Release|Any CPU
		{A0F61528-1293-416B-ACC2-D38CD88CF4BE}.Release|Any CPU.Build.0 = Release|Any CPU
		{A0F61528-1293-416B-ACC2-D38CD88CF4BE}.Release|x64.ActiveCfg = Release|Any CPU
		{A0F61528-1293-416B-ACC2-D38CD88CF4BE}.Release|x64.Build.0 = Release|Any CPU
		{A618B919-AC68-4351-B03C-36FF168F24B7}.Debug|Any CPU.ActiveCfg = Debug|Any CPU
		{A618B919-AC68-4351-B03C-36FF168F24B7}.Debug|Any CPU.Build.0 = Debug|Any CPU
		{A618B919-AC68-4351-B03C-36FF168F24B7}.Debug|x64.ActiveCfg = Debug|Any CPU
		{A618B919-AC68-4351-B03C-36FF168F24B7}.Debug|x64.Build.0 = Debug|Any CPU
		{A618B919-AC68-4351-B03C-36FF168F24B7}.Release|Any CPU.ActiveCfg = Release|Any CPU
		{A618B919-AC68-4351-B03C-36FF168F24B7}.Release|Any CPU.Build.0 = Release|Any CPU
		{A618B919-AC68-4351-B03C-36FF168F24B7}.Release|x64.ActiveCfg = Release|Any CPU
		{A618B919-AC68-4351-B03C-36FF168F24B7}.Release|x64.Build.0 = Release|Any CPU
	EndGlobalSection
	GlobalSection(SolutionProperties) = preSolution
		HideSolutionNode = FALSE
	EndGlobalSection
	GlobalSection(ExtensibilityGlobals) = postSolution
		SolutionGuid = {CAEAAA67-9DC5-4D66-BD0D-A2A6DCED0D2C}
	EndGlobalSection
EndGlobal
